
Microsoft Visual Studio Solution File, Format Version 12.00
# Visual Studio Version 17
VisualStudioVersion = 17.3.32901.215
MinimumVisualStudioVersion = 10.0.40219.1
Project("{FAE04EC0-301F-11D3-BF4B-00C04F79EFBC}") = "sınav1", "sınav1\sınav1.csproj", "{7D8E0A59-202A-47D9-881D-3B7C88697906}"
EndProject
Global
	GlobalSection(SolutionConfigurationPlatforms) = preSolution
		Debug|Any CPU = Debug|Any CPU
		Release|Any CPU = Release|Any CPU
	EndGlobalSection
	GlobalSection(ProjectConfigurationPlatforms) = postSolution
		{7D8E0A59-202A-47D9-881D-3B7C88697906}.Debug|Any CPU.ActiveCfg = Debug|Any CPU
		{7D8E0A59-202A-47D9-881D-3B7C88697906}.Debug|Any CPU.Build.0 = Debug|Any CPU
		{7D8E0A59-202A-47D9-881D-3B7C88697906}.Release|Any CPU.ActiveCfg = Release|Any CPU
		{7D8E0A59-202A-47D9-881D-3B7C88697906}.Release|Any CPU.Build.0 = Release|Any CPU
	EndGlobalSection
	GlobalSection(SolutionProperties) = preSolution
		HideSolutionNode = FALSE
	EndGlobalSection
	GlobalSection(ExtensibilityGlobals) = postSolution
		SolutionGuid = {65D5C545-991B-40AD-821E-07CCDDF8C88E}
	EndGlobalSection
EndGlobal
